{
    "_readme": [
        "This file locks the dependencies of your project to a known state",
        "Read more about it at https://getcomposer.org/doc/01-basic-usage.md#composer-lock-the-lock-file",
        "This file is @generated automatically"
    ],
    "content-hash": "18b8c4d90e0083a46e2b96e5c3692833",
    "packages": [
        {
            "name": "phpoffice/phpexcel",
            "version": "dev-master",
            "source": {
                "type": "git",
                "url": "https://github.com/PHPOffice/PHPExcel.git",
                "reference": "049e85ae98a90869e1bc83087f755010e9223091"
            },
            "dist": {
                "type": "zip",
                "url": "https://packagist.phpcomposer.com/files/PHPOffice/PHPExcel/049e85ae98a90869e1bc83087f755010e9223091.zip",
                "reference": "049e85ae98a90869e1bc83087f755010e9223091",
                "shasum": ""
            },
            "require": {
                "ext-xml": "*",
                "ext-xmlwriter": "*",
                "php": ">=5.2.0"
            },
            "type": "library",
            "autoload": {
                "psr-0": {
                    "PHPExcel": "Classes/"
                }
            },
            "notification-url": "https://packagist.org/downloads/",
            "license": [
                "LGPL"
            ],
            "authors": [
                {
                    "name": "Maarten Balliauw",
                    "homepage": "http://blog.maartenballiauw.be"
                },
                {
                    "name": "Mark Baker"
                },
                {
                    "name": "Franck Lefevre",
                    "homepage": "http://blog.rootslabs.net"
                },
                {
                    "name": "Erik Tilt"
                }
            ],
            "description": "PHPExcel - OpenXML - Read, Create and Write Spreadsheet documents in PHP - Spreadsheet engine",
            "homepage": "http://phpexcel.codeplex.com",
            "keywords": [
                "OpenXML",
                "excel",
                "php",
                "spreadsheet",
                "xls",
                "xlsx"
            ],
            "time": "2015-05-05 00:10:25"
        },
        {
            "name": "topthink/think-helper",
            "version": "v1.0.5",
            "source": {
                "type": "git",
                "url": "https://github.com/top-think/think-helper.git",
                "reference": "ed64408cdc4cdbd390365ba0906d208b987af520"
            },
            "dist": {
                "type": "zip",
                "url": "https://packagist.phpcomposer.com/files/top-think/think-helper/ed64408cdc4cdbd390365ba0906d208b987af520.zip",
                "reference": "ed64408cdc4cdbd390365ba0906d208b987af520",
                "shasum": ""
            },
            "type": "library",
            "autoload": {
                "psr-4": {
                    "think\\helper\\": "src"
                },
                "files": [
                    "src/helper.php"
                ]
            },
            "notification-url": "https://packagist.org/downloads/",
            "license": [
                "Apache-2.0"
            ],
            "authors": [
                {
                    "name": "yunwuxin",
                    "email": "448901948@qq.com"
                }
            ],
            "description": "The ThinkPHP5 Helper Package",
            "time": "2016-12-01T07:08:40+00:00"
        },
        {
            "name": "topthink/think-installer",
            "version": "v1.0.11",
            "source": {
                "type": "git",
                "url": "https://github.com/top-think/think-installer.git",
                "reference": "4c6e1ebecd1afce3f4ccc47e147d61bbe1bf641d"
            },
            "dist": {
                "type": "zip",
                "url": "https://packagist.phpcomposer.com/files/top-think/think-installer/4c6e1ebecd1afce3f4ccc47e147d61bbe1bf641d.zip",
                "reference": "4c6e1ebecd1afce3f4ccc47e147d61bbe1bf641d",
                "shasum": ""
            },
            "require": {
                "composer-plugin-api": "^1.0"
            },
            "require-dev": {
                "composer/composer": "1.0.*@dev"
            },
            "type": "composer-plugin",
            "extra": {
                "class": "think\\composer\\Plugin"
            },
            "autoload": {
                "psr-4": {
                    "think\\composer\\": "src"
                }
            },
            "notification-url": "https://packagist.org/downloads/",
            "license": [
                "Apache-2.0"
            ],
            "authors": [
                {
                    "name": "yunwuxin",
                    "email": "448901948@qq.com"
                }
            ],
            "time": "2016-12-01T09:08:45+00:00"
        },
        {
            "name": "topthink/think-queue",
            "version": "v1.1.2",
            "source": {
                "type": "git",
                "url": "https://github.com/top-think/think-queue.git",
                "reference": "503c5b809585ca60cba9485a233aa8be4b22c990"
            },
            "dist": {
                "type": "zip",
                "url": "https://packagist.phpcomposer.com/files/top-think/think-queue/503c5b809585ca60cba9485a233aa8be4b22c990.zip",
                "reference": "503c5b809585ca60cba9485a233aa8be4b22c990",
                "shasum": ""
            },
            "require": {
                "topthink/think-helper": ">=1.0.4",
                "topthink/think-installer": ">=1.0.10"
            },
            "type": "think-extend",
            "extra": {
                "think-config": {
                    "queue": "src/config.php"
                }
            },
            "autoload": {
                "psr-4": {
                    "think\\": "src"
                },
                "files": [
                    "src/common.php"
                ]
            },
            "notification-url": "https://packagist.org/downloads/",
            "license": [
                "Apache-2.0"
            ],
            "authors": [
                {
                    "name": "yunwuxin",
                    "email": "448901948@qq.com"
                }
            ],
            "description": "The ThinkPHP5 Queue Package",
            "time": "2016-12-01T04:29:39+00:00"
        }
    ],
    "packages-dev": [],
    "aliases": [],
    "minimum-stability": "stable",
    "stability-flags": {
        "phpoffice/phpexcel": 20
    },
    "prefer-stable": false,
    "prefer-lowest": false,
    "platform": [],
    "platform-dev": []
}
